
Microsoft Visual Studio Solution File, Format Version 12.00
# Visual Studio 2013
VisualStudioVersion = 12.0.21005.1
MinimumVisualStudioVersion = 10.0.40219.1
Project("{2150E333-8FDC-42A3-9474-1A3956D46DE8}") = "Include", "Include", "{44FD14EF-F7FA-42CC-B618-E71A16B4EFF8}"
EndProject
Project("{2150E333-8FDC-42A3-9474-1A3956D46DE8}") = "Lib", "Lib", "{BFED2AB6-2C7D-40B6-9DC6-3B904D142C1C}"
EndProject
Project("{8BC9CEB8-8B4A-11D0-8D11-00A0C91BC942}") = "gl_06", "gl_06\gl_06.vcxproj", "{0DBB92A6-D5C7-41FD-8695-8644C2CB5DAC}"
EndProject
Global
	GlobalSection(SolutionConfigurationPlatforms) = preSolution
		Debug|Win32 = Debug|Win32
		Release|Win32 = Release|Win32
	EndGlobalSection
	GlobalSection(ProjectConfigurationPlatforms) = postSolution
		{0DBB92A6-D5C7-41FD-8695-8644C2CB5DAC}.Debug|Win32.ActiveCfg = Debug|Win32
		{0DBB92A6-D5C7-41FD-8695-8644C2CB5DAC}.Debug|Win32.Build.0 = Debug|Win32
		{0DBB92A6-D5C7-41FD-8695-8644C2CB5DAC}.Release|Win32.ActiveCfg = Release|Win32
		{0DBB92A6-D5C7-41FD-8695-8644C2CB5DAC}.Release|Win32.Build.0 = Release|Win32
	EndGlobalSection
	GlobalSection(SolutionProperties) = preSolution
		HideSolutionNode = FALSE
	EndGlobalSection
EndGlobal
